
Microsoft Visual Studio Solution File, Format Version 12.00
# Visual Studio Version 16
VisualStudioVersion = 16.0.30621.155
MinimumVisualStudioVersion = 10.0.40219.1
Project("{F184B08F-C81C-45F6-A57F-5ABD9991F28F}") = "FileMaker", "FileMaker.vbproj", "{F019C8D0-DFDB-44DE-8D7A-73DB05082F5B}"
EndProject
Global
	GlobalSection(SolutionConfigurationPlatforms) = preSolution
		Debug|Any CPU = Debug|Any CPU
		Release|Any CPU = Release|Any CPU
	EndGlobalSection
	GlobalSection(ProjectConfigurationPlatforms) = postSolution
		{F019C8D0-DFDB-44DE-8D7A-73DB05082F5B}.Debug|Any CPU.ActiveCfg = Debug|Any CPU
		{F019C8D0-DFDB-44DE-8D7A-73DB05082F5B}.Debug|Any CPU.Build.0 = Debug|Any CPU
		{F019C8D0-DFDB-44DE-8D7A-73DB05082F5B}.Release|Any CPU.ActiveCfg = Release|Any CPU
		{F019C8D0-DFDB-44DE-8D7A-73DB05082F5B}.Release|Any CPU.Build.0 = Release|Any CPU
	EndGlobalSection
	GlobalSection(SolutionProperties) = preSolution
		HideSolutionNode = FALSE
	EndGlobalSection
	GlobalSection(ExtensibilityGlobals) = postSolution
		SolutionGuid = {43030275-D5AC-4125-A3BF-53FEFB0DAABF}
	EndGlobalSection
EndGlobal
